
Microsoft Visual Studio Solution File, Format Version 12.00
# Visual Studio 14
VisualStudioVersion = 14.0.23107.0
MinimumVisualStudioVersion = 10.0.40219.1
Project("{8BC9CEB8-8B4A-11D0-8D11-00A0C91BC942}") = "Rational", "Rational\Rational.vcxproj", "{910D5FAB-687C-4ED1-B9C0-8D4C22979A28}"
EndProject
Project("{8BC9CEB8-8B4A-11D0-8D11-00A0C91BC942}") = "R3Vector", "R3Vector\R3Vector.vcxproj", "{5E18A485-246C-4F76-8DBE-108E51A933B6}"
EndProject
Project("{8BC9CEB8-8B4A-11D0-8D11-00A0C91BC942}") = "Stacklst", "StackList\StackList.vcxproj", "{01B52823-4DF5-4710-A358-2F02F402EA20}"
EndProject
Project("{8BC9CEB8-8B4A-11D0-8D11-00A0C91BC942}") = "RnVector", "RnVector\RnVector.vcxproj", "{0D762A7E-A7DB-4D54-8ED3-332620355DE8}"
EndProject
Project("{8BC9CEB8-8B4A-11D0-8D11-00A0C91BC942}") = "Stack", "Stack\Stack.vcxproj", "{05761D4A-2FEF-483D-B4F9-D4648146B455}"
EndProject
Project("{8BC9CEB8-8B4A-11D0-8D11-00A0C91BC942}") = "MatrixArr", "MatrixArr\MatrixArr.vcxproj", "{17C2A7E0-6725-4B1B-AAB9-CEF9F2054FC0}"
EndProject
Project("{8BC9CEB8-8B4A-11D0-8D11-00A0C91BC942}") = "Queue", "Querty\Querty.vcxproj", "{24DF588A-A039-401A-A10A-690497AD2C1E}"
EndProject
Project("{8BC9CEB8-8B4A-11D0-8D11-00A0C91BC942}") = "Complex", "Complex_\shkanaev_a.vcxproj", "{8EBD3234-F4E2-4D66-AC9E-2A9F88629134}"
EndProject
Project("{8BC9CEB8-8B4A-11D0-8D11-00A0C91BC942}") = "MatrixArrT", "MatrixArrT\MatrixArrT.vcxproj", "{ED1569AC-F930-45DF-B0C8-A510DF45EF47}"
EndProject
Global
	GlobalSection(SolutionConfigurationPlatforms) = preSolution
		Debug|Any CPU = Debug|Any CPU
		Debug|x64 = Debug|x64
		Debug|x86 = Debug|x86
		Release|Any CPU = Release|Any CPU
		Release|x64 = Release|x64
		Release|x86 = Release|x86
	EndGlobalSection
	GlobalSection(ProjectConfigurationPlatforms) = postSolution
		{910D5FAB-687C-4ED1-B9C0-8D4C22979A28}.Debug|Any CPU.ActiveCfg = Debug|Win32
		{910D5FAB-687C-4ED1-B9C0-8D4C22979A28}.Debug|x64.ActiveCfg = Debug|x64
		{910D5FAB-687C-4ED1-B9C0-8D4C22979A28}.Debug|x64.Build.0 = Debug|x64
		{910D5FAB-687C-4ED1-B9C0-8D4C22979A28}.Debug|x86.ActiveCfg = Debug|Win32
		{910D5FAB-687C-4ED1-B9C0-8D4C22979A28}.Debug|x86.Build.0 = Debug|Win32
		{910D5FAB-687C-4ED1-B9C0-8D4C22979A28}.Release|Any CPU.ActiveCfg = Release|Win32
		{910D5FAB-687C-4ED1-B9C0-8D4C22979A28}.Release|x64.ActiveCfg = Release|x64
		{910D5FAB-687C-4ED1-B9C0-8D4C22979A28}.Release|x64.Build.0 = Release|x64
		{910D5FAB-687C-4ED1-B9C0-8D4C22979A28}.Release|x86.ActiveCfg = Release|Win32
		{910D5FAB-687C-4ED1-B9C0-8D4C22979A28}.Release|x86.Build.0 = Release|Win32
		{5E18A485-246C-4F76-8DBE-108E51A933B6}.Debug|Any CPU.ActiveCfg = Debug|Win32
		{5E18A485-246C-4F76-8DBE-108E51A933B6}.Debug|x64.ActiveCfg = Debug|x64
		{5E18A485-246C-4F76-8DBE-108E51A933B6}.Debug|x64.Build.0 = Debug|x64
		{5E18A485-246C-4F76-8DBE-108E51A933B6}.Debug|x86.ActiveCfg = Debug|Win32
		{5E18A485-246C-4F76-8DBE-108E51A933B6}.Debug|x86.Build.0 = Debug|Win32
		{5E18A485-246C-4F76-8DBE-108E51A933B6}.Release|Any CPU.ActiveCfg = Release|Win32
		{5E18A485-246C-4F76-8DBE-108E51A933B6}.Release|x64.ActiveCfg = Release|x64
		{5E18A485-246C-4F76-8DBE-108E51A933B6}.Release|x64.Build.0 = Release|x64
		{5E18A485-246C-4F76-8DBE-108E51A933B6}.Release|x86.ActiveCfg = Release|Win32
		{5E18A485-246C-4F76-8DBE-108E51A933B6}.Release|x86.Build.0 = Release|Win32
		{01B52823-4DF5-4710-A358-2F02F402EA20}.Debug|Any CPU.ActiveCfg = Debug|Win32
		{01B52823-4DF5-4710-A358-2F02F402EA20}.Debug|x64.ActiveCfg = Debug|x64
		{01B52823-4DF5-4710-A358-2F02F402EA20}.Debug|x64.Build.0 = Debug|x64
		{01B52823-4DF5-4710-A358-2F02F402EA20}.Debug|x86.ActiveCfg = Debug|Win32
		{01B52823-4DF5-4710-A358-2F02F402EA20}.Debug|x86.Build.0 = Debug|Win32
		{01B52823-4DF5-4710-A358-2F02F402EA20}.Release|Any CPU.ActiveCfg = Release|Win32
		{01B52823-4DF5-4710-A358-2F02F402EA20}.Release|x64.ActiveCfg = Release|x64
		{01B52823-4DF5-4710-A358-2F02F402EA20}.Release|x64.Build.0 = Release|x64
		{01B52823-4DF5-4710-A358-2F02F402EA20}.Release|x86.ActiveCfg = Release|Win32
		{01B52823-4DF5-4710-A358-2F02F402EA20}.Release|x86.Build.0 = Release|Win32
		{0D762A7E-A7DB-4D54-8ED3-332620355DE8}.Debug|Any CPU.ActiveCfg = Debug|Win32
		{0D762A7E-A7DB-4D54-8ED3-332620355DE8}.Debug|x64.ActiveCfg = Debug|x64
		{0D762A7E-A7DB-4D54-8ED3-332620355DE8}.Debug|x64.Build.0 = Debug|x64
		{0D762A7E-A7DB-4D54-8ED3-332620355DE8}.Debug|x86.ActiveCfg = Debug|Win32
		{0D762A7E-A7DB-4D54-8ED3-332620355DE8}.Debug|x86.Build.0 = Debug|Win32
		{0D762A7E-A7DB-4D54-8ED3-332620355DE8}.Release|Any CPU.ActiveCfg = Release|Win32
		{0D762A7E-A7DB-4D54-8ED3-332620355DE8}.Release|x64.ActiveCfg = Release|x64
		{0D762A7E-A7DB-4D54-8ED3-332620355DE8}.Release|x64.Build.0 = Release|x64
		{0D762A7E-A7DB-4D54-8ED3-332620355DE8}.Release|x86.ActiveCfg = Release|Win32
		{0D762A7E-A7DB-4D54-8ED3-332620355DE8}.Release|x86.Build.0 = Release|Win32
		{05761D4A-2FEF-483D-B4F9-D4648146B455}.Debug|Any CPU.ActiveCfg = Debug|Win32
		{05761D4A-2FEF-483D-B4F9-D4648146B455}.Debug|x64.ActiveCfg = Debug|x64
		{05761D4A-2FEF-483D-B4F9-D4648146B455}.Debug|x64.Build.0 = Debug|x64
		{05761D4A-2FEF-483D-B4F9-D4648146B455}.Debug|x86.ActiveCfg = Debug|Win32
		{05761D4A-2FEF-483D-B4F9-D4648146B455}.Debug|x86.Build.0 = Debug|Win32
		{05761D4A-2FEF-483D-B4F9-D4648146B455}.Release|Any CPU.ActiveCfg = Release|Win32
		{05761D4A-2FEF-483D-B4F9-D4648146B455}.Release|x64.ActiveCfg = Release|x64
		{05761D4A-2FEF-483D-B4F9-D4648146B455}.Release|x64.Build.0 = Release|x64
		{05761D4A-2FEF-483D-B4F9-D4648146B455}.Release|x86.ActiveCfg = Release|Win32
		{05761D4A-2FEF-483D-B4F9-D4648146B455}.Release|x86.Build.0 = Release|Win32
		{17C2A7E0-6725-4B1B-AAB9-CEF9F2054FC0}.Debug|Any CPU.ActiveCfg = Debug|Win32
		{17C2A7E0-6725-4B1B-AAB9-CEF9F2054FC0}.Debug|x64.ActiveCfg = Debug|x64
		{17C2A7E0-6725-4B1B-AAB9-CEF9F2054FC0}.Debug|x64.Build.0 = Debug|x64
		{17C2A7E0-6725-4B1B-AAB9-CEF9F2054FC0}.Debug|x86.ActiveCfg = Debug|Win32
		{17C2A7E0-6725-4B1B-AAB9-CEF9F2054FC0}.Debug|x86.Build.0 = Debug|Win32
		{17C2A7E0-6725-4B1B-AAB9-CEF9F2054FC0}.Release|Any CPU.ActiveCfg = Release|Win32
		{17C2A7E0-6725-4B1B-AAB9-CEF9F2054FC0}.Release|x64.ActiveCfg = Release|x64
		{17C2A7E0-6725-4B1B-AAB9-CEF9F2054FC0}.Release|x64.Build.0 = Release|x64
		{17C2A7E0-6725-4B1B-AAB9-CEF9F2054FC0}.Release|x86.ActiveCfg = Release|Win32
		{17C2A7E0-6725-4B1B-AAB9-CEF9F2054FC0}.Release|x86.Build.0 = Release|Win32
		{24DF588A-A039-401A-A10A-690497AD2C1E}.Debug|Any CPU.ActiveCfg = Debug|Win32
		{24DF588A-A039-401A-A10A-690497AD2C1E}.Debug|x64.ActiveCfg = Debug|x64
		{24DF588A-A039-401A-A10A-690497AD2C1E}.Debug|x64.Build.0 = Debug|x64
		{24DF588A-A039-401A-A10A-690497AD2C1E}.Debug|x86.ActiveCfg = Debug|Win32
		{24DF588A-A039-401A-A10A-690497AD2C1E}.Debug|x86.Build.0 = Debug|Win32
		{24DF588A-A039-401A-A10A-690497AD2C1E}.Release|Any CPU.ActiveCfg = Release|Win32
		{24DF588A-A039-401A-A10A-690497AD2C1E}.Release|x64.ActiveCfg = Release|x64
		{24DF588A-A039-401A-A10A-690497AD2C1E}.Release|x64.Build.0 = Release|x64
		{24DF588A-A039-401A-A10A-690497AD2C1E}.Release|x86.ActiveCfg = Release|Win32
		{24DF588A-A039-401A-A10A-690497AD2C1E}.Release|x86.Build.0 = Release|Win32
		{8EBD3234-F4E2-4D66-AC9E-2A9F88629134}.Debug|Any CPU.ActiveCfg = Debug|Win32
		{8EBD3234-F4E2-4D66-AC9E-2A9F88629134}.Debug|x64.ActiveCfg = Debug|x64
		{8EBD3234-F4E2-4D66-AC9E-2A9F88629134}.Debug|x64.Build.0 = Debug|x64
		{8EBD3234-F4E2-4D66-AC9E-2A9F88629134}.Debug|x86.ActiveCfg = Debug|Win32
		{8EBD3234-F4E2-4D66-AC9E-2A9F88629134}.Debug|x86.Build.0 = Debug|Win32
		{8EBD3234-F4E2-4D66-AC9E-2A9F88629134}.Release|Any CPU.ActiveCfg = Release|Win32
		{8EBD3234-F4E2-4D66-AC9E-2A9F88629134}.Release|x64.ActiveCfg = Release|x64
		{8EBD3234-F4E2-4D66-AC9E-2A9F88629134}.Release|x64.Build.0 = Release|x64
		{8EBD3234-F4E2-4D66-AC9E-2A9F88629134}.Release|x86.ActiveCfg = Release|Win32
		{8EBD3234-F4E2-4D66-AC9E-2A9F88629134}.Release|x86.Build.0 = Release|Win32
		{ED1569AC-F930-45DF-B0C8-A510DF45EF47}.Debug|Any CPU.ActiveCfg = Debug|Win32
		{ED1569AC-F930-45DF-B0C8-A510DF45EF47}.Debug|x64.ActiveCfg = Debug|x64
		{ED1569AC-F930-45DF-B0C8-A510DF45EF47}.Debug|x64.Build.0 = Debug|x64
		{ED1569AC-F930-45DF-B0C8-A510DF45EF47}.Debug|x86.ActiveCfg = Debug|Win32
		{ED1569AC-F930-45DF-B0C8-A510DF45EF47}.Debug|x86.Build.0 = Debug|Win32
		{ED1569AC-F930-45DF-B0C8-A510DF45EF47}.Release|Any CPU.ActiveCfg = Release|Win32
		{ED1569AC-F930-45DF-B0C8-A510DF45EF47}.Release|x64.ActiveCfg = Release|x64
		{ED1569AC-F930-45DF-B0C8-A510DF45EF47}.Release|x64.Build.0 = Release|x64
		{ED1569AC-F930-45DF-B0C8-A510DF45EF47}.Release|x86.ActiveCfg = Release|Win32
		{ED1569AC-F930-45DF-B0C8-A510DF45EF47}.Release|x86.Build.0 = Release|Win32
	EndGlobalSection
	GlobalSection(SolutionProperties) = preSolution
		HideSolutionNode = FALSE
	EndGlobalSection
EndGlobal
